
Microsoft Visual Studio Solution File, Format Version 12.00
# Visual Studio Version 16
VisualStudioVersion = 16.0.28711.60
MinimumVisualStudioVersion = 10.0.40219.1
Project("{9A19103F-16F7-4668-BE54-9A1E7A4F7556}") = "MatBlazor", "MatBlazor\MatBlazor.csproj", "{A85977AA-74E8-4B65-8D0B-E8C5EB1AD749}"
EndProject
Project("{9A19103F-16F7-4668-BE54-9A1E7A4F7556}") = "MatBlazor.Demo", "MatBlazor.Demo\MatBlazor.Demo.csproj", "{8458A4F5-D663-41F8-AB6B-80D594C428B2}"
EndProject
Project("{9A19103F-16F7-4668-BE54-9A1E7A4F7556}") = "MatBlazor.DevUtils", "MatBlazor.DevUtils\MatBlazor.DevUtils.csproj", "{B871BC4C-48DD-48E7-86F5-58FEAF217130}"
EndProject
Project("{9A19103F-16F7-4668-BE54-9A1E7A4F7556}") = "MatBlazor.Demo.ServerApp", "MatBlazor.Demo.ServerApp\MatBlazor.Demo.ServerApp.csproj", "{C9E2DCA1-DBA2-4919-BCBF-60FCC6DB0E68}"
EndProject
Project("{9A19103F-16F7-4668-BE54-9A1E7A4F7556}") = "MatBlazor.Demo.ClientApp", "MatBlazor.Demo.ClientApp\MatBlazor.Demo.ClientApp.csproj", "{F4B53CE6-D312-4F3B-A3DB-3C5E1CB58FA4}"
EndProject
Project("{9A19103F-16F7-4668-BE54-9A1E7A4F7556}") = "MatBlazor.TestApp.ServerApp", "MatBlazor.TestApp.ServerApp\MatBlazor.TestApp.ServerApp.csproj", "{0829B3BA-AA76-460B-AE39-70B9FF8B6D24}"
EndProject
Project("{2150E333-8FDC-42A3-9474-1A3956D46DE8}") = "Solution Items", "Solution Items", "{781891A8-86DB-4CB8-ADDA-077B906EBD20}"
	ProjectSection(SolutionItems) = preProject
		.editorconfig = .editorconfig
	EndProjectSection
EndProject
Global
	GlobalSection(SolutionConfigurationPlatforms) = preSolution
		Debug|Any CPU = Debug|Any CPU
		Release|Any CPU = Release|Any CPU
	EndGlobalSection
	GlobalSection(ProjectConfigurationPlatforms) = postSolution
		{A85977AA-74E8-4B65-8D0B-E8C5EB1AD749}.Debug|Any CPU.ActiveCfg = Debug|Any CPU
		{A85977AA-74E8-4B65-8D0B-E8C5EB1AD749}.Debug|Any CPU.Build.0 = Debug|Any CPU
		{A85977AA-74E8-4B65-8D0B-E8C5EB1AD749}.Release|Any CPU.ActiveCfg = Release|Any CPU
		{A85977AA-74E8-4B65-8D0B-E8C5EB1AD749}.Release|Any CPU.Build.0 = Release|Any CPU
		{8458A4F5-D663-41F8-AB6B-80D594C428B2}.Debug|Any CPU.ActiveCfg = Debug|Any CPU
		{8458A4F5-D663-41F8-AB6B-80D594C428B2}.Debug|Any CPU.Build.0 = Debug|Any CPU
		{8458A4F5-D663-41F8-AB6B-80D594C428B2}.Release|Any CPU.ActiveCfg = Release|Any CPU
		{8458A4F5-D663-41F8-AB6B-80D594C428B2}.Release|Any CPU.Build.0 = Release|Any CPU
		{B871BC4C-48DD-48E7-86F5-58FEAF217130}.Debug|Any CPU.ActiveCfg = Debug|Any CPU
		{B871BC4C-48DD-48E7-86F5-58FEAF217130}.Debug|Any CPU.Build.0 = Debug|Any CPU
		{B871BC4C-48DD-48E7-86F5-58FEAF217130}.Release|Any CPU.ActiveCfg = Release|Any CPU
		{B871BC4C-48DD-48E7-86F5-58FEAF217130}.Release|Any CPU.Build.0 = Release|Any CPU
		{C9E2DCA1-DBA2-4919-BCBF-60FCC6DB0E68}.Debug|Any CPU.ActiveCfg = Debug|Any CPU
		{C9E2DCA1-DBA2-4919-BCBF-60FCC6DB0E68}.Debug|Any CPU.Build.0 = Debug|Any CPU
		{C9E2DCA1-DBA2-4919-BCBF-60FCC6DB0E68}.Release|Any CPU.ActiveCfg = Release|Any CPU
		{C9E2DCA1-DBA2-4919-BCBF-60FCC6DB0E68}.Release|Any CPU.Build.0 = Release|Any CPU
		{F4B53CE6-D312-4F3B-A3DB-3C5E1CB58FA4}.Debug|Any CPU.ActiveCfg = Debug|Any CPU
		{F4B53CE6-D312-4F3B-A3DB-3C5E1CB58FA4}.Debug|Any CPU.Build.0 = Debug|Any CPU
		{F4B53CE6-D312-4F3B-A3DB-3C5E1CB58FA4}.Release|Any CPU.ActiveCfg = Release|Any CPU
		{F4B53CE6-D312-4F3B-A3DB-3C5E1CB58FA4}.Release|Any CPU.Build.0 = Release|Any CPU
		{0829B3BA-AA76-460B-AE39-70B9FF8B6D24}.Debug|Any CPU.ActiveCfg = Debug|Any CPU
		{0829B3BA-AA76-460B-AE39-70B9FF8B6D24}.Debug|Any CPU.Build.0 = Debug|Any CPU
		{0829B3BA-AA76-460B-AE39-70B9FF8B6D24}.Release|Any CPU.ActiveCfg = Release|Any CPU
		{0829B3BA-AA76-460B-AE39-70B9FF8B6D24}.Release|Any CPU.Build.0 = Release|Any CPU
	EndGlobalSection
	GlobalSection(SolutionProperties) = preSolution
		HideSolutionNode = FALSE
	EndGlobalSection
	GlobalSection(ExtensibilityGlobals) = postSolution
		SolutionGuid = {77DF7D01-D3B9-4FFE-9283-689932D60708}
	EndGlobalSection
EndGlobal
