
Microsoft Visual Studio Solution File, Format Version 12.00
# Visual Studio Version 16
VisualStudioVersion = 16.0.28711.60
MinimumVisualStudioVersion = 10.0.40219.1
Project("{9A19103F-16F7-4668-BE54-9A1E7A4F7556}") = "MatBlazor", "MatBlazor\MatBlazor.csproj", "{A85977AA-74E8-4B65-8D0B-E8C5EB1AD749}"
EndProject
Project("{9A19103F-16F7-4668-BE54-9A1E7A4F7556}") = "MatBlazor.Demo.App", "MatBlazor.Demo.App\MatBlazor.Demo.App.csproj", "{B3EFE132-D466-4669-9152-E3CFE19C4D8C}"
EndProject
Project("{9A19103F-16F7-4668-BE54-9A1E7A4F7556}") = "MatBlazor.Demo", "MatBlazor.Demo\MatBlazor.Demo.csproj", "{8458A4F5-D663-41F8-AB6B-80D594C428B2}"
EndProject
Project("{9A19103F-16F7-4668-BE54-9A1E7A4F7556}") = "MatBlazor.DevUtils", "MatBlazor.DevUtils\MatBlazor.DevUtils.csproj", "{B871BC4C-48DD-48E7-86F5-58FEAF217130}"
EndProject
Global
	GlobalSection(SolutionConfigurationPlatforms) = preSolution
		Debug|Any CPU = Debug|Any CPU
		Release|Any CPU = Release|Any CPU
	EndGlobalSection
	GlobalSection(ProjectConfigurationPlatforms) = postSolution
		{A85977AA-74E8-4B65-8D0B-E8C5EB1AD749}.Debug|Any CPU.ActiveCfg = Debug|Any CPU
		{A85977AA-74E8-4B65-8D0B-E8C5EB1AD749}.Debug|Any CPU.Build.0 = Debug|Any CPU
		{A85977AA-74E8-4B65-8D0B-E8C5EB1AD749}.Release|Any CPU.ActiveCfg = Release|Any CPU
		{A85977AA-74E8-4B65-8D0B-E8C5EB1AD749}.Release|Any CPU.Build.0 = Release|Any CPU
		{B3EFE132-D466-4669-9152-E3CFE19C4D8C}.Debug|Any CPU.ActiveCfg = Debug|Any CPU
		{B3EFE132-D466-4669-9152-E3CFE19C4D8C}.Debug|Any CPU.Build.0 = Debug|Any CPU
		{B3EFE132-D466-4669-9152-E3CFE19C4D8C}.Release|Any CPU.ActiveCfg = Release|Any CPU
		{B3EFE132-D466-4669-9152-E3CFE19C4D8C}.Release|Any CPU.Build.0 = Release|Any CPU
		{8458A4F5-D663-41F8-AB6B-80D594C428B2}.Debug|Any CPU.ActiveCfg = Debug|Any CPU
		{8458A4F5-D663-41F8-AB6B-80D594C428B2}.Debug|Any CPU.Build.0 = Debug|Any CPU
		{8458A4F5-D663-41F8-AB6B-80D594C428B2}.Release|Any CPU.ActiveCfg = Release|Any CPU
		{8458A4F5-D663-41F8-AB6B-80D594C428B2}.Release|Any CPU.Build.0 = Release|Any CPU
		{B871BC4C-48DD-48E7-86F5-58FEAF217130}.Debug|Any CPU.ActiveCfg = Debug|Any CPU
		{B871BC4C-48DD-48E7-86F5-58FEAF217130}.Debug|Any CPU.Build.0 = Debug|Any CPU
		{B871BC4C-48DD-48E7-86F5-58FEAF217130}.Release|Any CPU.ActiveCfg = Release|Any CPU
		{B871BC4C-48DD-48E7-86F5-58FEAF217130}.Release|Any CPU.Build.0 = Release|Any CPU
	EndGlobalSection
	GlobalSection(SolutionProperties) = preSolution
		HideSolutionNode = FALSE
	EndGlobalSection
	GlobalSection(ExtensibilityGlobals) = postSolution
		SolutionGuid = {77DF7D01-D3B9-4FFE-9283-689932D60708}
	EndGlobalSection
EndGlobal
